
Microsoft Visual Studio Solution File, Format Version 12.00
# Visual Studio Version 17
VisualStudioVersion = 17.1.32328.378
MinimumVisualStudioVersion = 10.0.40219.1
Project("{FAE04EC0-301F-11D3-BF4B-00C04F79EFBC}") = "ChiddiyaAurKata", "ChiddiyaAurKata\ChiddiyaAurKata.csproj", "{D0B491DC-68EF-47B9-B4D6-8FF320D44D5F}"
EndProject
Global
	GlobalSection(SolutionConfigurationPlatforms) = preSolution
		Debug|Any CPU = Debug|Any CPU
		Release|Any CPU = Release|Any CPU
	EndGlobalSection
	GlobalSection(ProjectConfigurationPlatforms) = postSolution
		{D0B491DC-68EF-47B9-B4D6-8FF320D44D5F}.Debug|Any CPU.ActiveCfg = Debug|Any CPU
		{D0B491DC-68EF-47B9-B4D6-8FF320D44D5F}.Debug|Any CPU.Build.0 = Debug|Any CPU
		{D0B491DC-68EF-47B9-B4D6-8FF320D44D5F}.Release|Any CPU.ActiveCfg = Release|Any CPU
		{D0B491DC-68EF-47B9-B4D6-8FF320D44D5F}.Release|Any CPU.Build.0 = Release|Any CPU
	EndGlobalSection
	GlobalSection(SolutionProperties) = preSolution
		HideSolutionNode = FALSE
	EndGlobalSection
	GlobalSection(ExtensibilityGlobals) = postSolution
		SolutionGuid = {ABD3D3F0-3FC6-4626-867F-F1CA94336E5D}
	EndGlobalSection
EndGlobal
